// !$*UTF8*$!
{
	archiveVersion = 1;
	classes = {
	};
	objectVersion = 50;
	objects = {

/* Begin PBXBuildFile section */
		1A5A0BD12570166A007C248F /* AppDelegate.swift in Sources */ = {isa = PBXBuildFile; fileRef = 1A5A0BD02570166A007C248F /* AppDelegate.swift */; };
		1A5A0BD32570166A007C248F /* SceneDelegate.swift in Sources */ = {isa = PBXBuildFile; fileRef = 1A5A0BD22570166A007C248F /* SceneDelegate.swift */; };
		1A5A0BD52570166A007C248F /* ViewController.swift in Sources */ = {isa = PBXBuildFile; fileRef = 1A5A0BD42570166A007C248F /* ViewController.swift */; };
		1A5A0BD82570166A007C248F /* Main.storyboard in Resources */ = {isa = PBXBuildFile; fileRef = 1A5A0BD62570166A007C248F /* Main.storyboard */; };
		1A5A0BDA2570166A007C248F /* Assets.xcassets in Resources */ = {isa = PBXBuildFile; fileRef = 1A5A0BD92570166A007C248F /* Assets.xcassets */; };
		1A5A0BDD2570166A007C248F /* LaunchScreen.storyboard in Resources */ = {isa = PBXBuildFile; fileRef = 1A5A0BDB2570166A007C248F /* LaunchScreen.storyboard */; };
		1A5A0BE625701700007C248F /* OneTimeCodeTextfield.swift in Sources */ = {isa = PBXBuildFile; fileRef = 1A5A0BE525701700007C248F /* OneTimeCodeTextfield.swift */; };
/* End PBXBuildFile section */

/* Begin PBXFileReference section */
		1A5A0BCD2570166A007C248F /* OneTimePinCode.app */ = {isa = PBXFileReference; explicitFileType = wrapper.application; includeInIndex = 0; path = OneTimePinCode.app; sourceTree = BUILT_PRODUCTS_DIR; };
		1A5A0BD02570166A007C248F /* AppDelegate.swift */ = {isa = PBXFileReference; lastKnownFileType = sourcecode.swift; path = AppDelegate.swift; sourceTree = "<group>"; };
		1A5A0BD22570166A007C248F /* SceneDelegate.swift */ = {isa = PBXFileReference; lastKnownFileType = sourcecode.swift; path = SceneDelegate.swift; sourceTree = "<group>"; };
		1A5A0BD42570166A007C248F /* ViewController.swift */ = {isa = PBXFileReference; lastKnownFileType = sourcecode.swift; path = ViewController.swift; sourceTree = "<group>"; };
		1A5A0BD72570166A007C248F /* Base */ = {isa = PBXFileReference; lastKnownFileType = file.storyboard; name = Base; path = Base.lproj/Main.storyboard; sourceTree = "<group>"; };
		1A5A0BD92570166A007C248F /* Assets.xcassets */ = {isa = PBXFileReference; lastKnownFileType = folder.assetcatalog; path = Assets.xcassets; sourceTree = "<group>"; };
		1A5A0BDC2570166A007C248F /* Base */ = {isa = PBXFileReference; lastKnownFileType = file.storyboard; name = Base; path = Base.lproj/LaunchScreen.storyboard; sourceTree = "<group>"; };
		1A5A0BDE2570166A007C248F /* Info.plist */ = {isa = PBXFileReference; lastKnownFileType = text.plist.xml; path = Info.plist; sourceTree = "<group>"; };
		1A5A0BE525701700007C248F /* OneTimeCodeTextfield.swift */ = {isa = PBXFileReference; lastKnownFileType = sourcecode.swift; path = OneTimeCodeTextfield.swift; sourceTree = "<group>"; };
/* End PBXFileReference section */

/* Begin PBXFrameworksBuildPhase section */
		1A5A0BCA2570166A007C248F /* Frameworks */ = {
			isa = PBXFrameworksBuildPhase;
			buildActionMask = 2147483647;
			files = (
			);
			runOnlyForDeploymentPostprocessing = 0;
		};
/* End PBXFrameworksBuildPhase section */

/* Begin PBXGroup section */
		1A5A0BC42570166A007C248F = {
			isa = PBXGroup;
			children = (
				1A5A0BCF2570166A007C248F /* OneTimePinCode */,
				1A5A0BCE2570166A007C248F /* Products */,
			);
			sourceTree = "<group>";
		};
		1A5A0BCE2570166A007C248F /* Products */ = {
			isa = PBXGroup;
			children = (
				1A5A0BCD2570166A007C248F /* OneTimePinCode.app */,
			);
			name = Products;
			sourceTree = "<group>";
		};
		1A5A0BCF2570166A007C248F /* OneTimePinCode */ = {
			isa = PBXGroup;
			children = (
				1A5A0BD02570166A007C248F /* AppDelegate.swift */,
				1A5A0BD22570166A007C248F /* SceneDelegate.swift */,
				1A5A0BD42570166A007C248F /* ViewController.swift */,
				1A5A0BD62570166A007C248F /* Main.storyboard */,
				1A5A0BD92570166A007C248F /* Assets.xcassets */,
				1A5A0BDB2570166A007C248F /* LaunchScreen.storyboard */,
				1A5A0BDE2570166A007C248F /* Info.plist */,
				1A5A0BE525701700007C248F /* OneTimeCodeTextfield.swift */,
			);
			path = OneTimePinCode;
			sourceTree = "<group>";
		};
/* End PBXGroup section */

/* Begin PBXNativeTarget section */
		1A5A0BCC2570166A007C248F /* OneTimePinCode */ = {
			isa = PBXNativeTarget;
			buildConfigurationList = 1A5A0BE12570166A007C248F /* Build configuration list for PBXNativeTarget "OneTimePinCode" */;
			buildPhases = (
				1A5A0BC92570166A007C248F /* Sources */,
				1A5A0BCA2570166A007C248F /* Frameworks */,
				1A5A0BCB2570166A007C248F /* Resources */,
			);
			buildRules = (
			);
			dependencies = (
			);
			name = OneTimePinCode;
			productName = OneTimePinCode;
			productReference = 1A5A0BCD2570166A007C248F /* OneTimePinCode.app */;
			productType = "com.apple.product-type.application";
		};
/* End PBXNativeTarget section */

/* Begin PBXProject section */
		1A5A0BC52570166A007C248F /* Project object */ = {
			isa = PBXProject;
			attributes = {
				LastSwiftUpdateCheck = 1220;
				LastUpgradeCheck = 1220;
				TargetAttributes = {
					1A5A0BCC2570166A007C248F = {
						CreatedOnToolsVersion = 12.2;
					};
				};
			};
			buildConfigurationList = 1A5A0BC82570166A007C248F /* Build configuration list for PBXProject "OneTimePinCode" */;
			compatibilityVersion = "Xcode 9.3";
			developmentRegion = en;
			hasScannedForEncodings = 0;
			knownRegions = (
				en,
				Base,
			);
			mainGroup = 1A5A0BC42570166A007C248F;
			productRefGroup = 1A5A0BCE2570166A007C248F /* Products */;
			projectDirPath = "";
			projectRoot = "";
			targets = (
				1A5A0BCC2570166A007C248F /* OneTimePinCode */,
			);
		};
/* End PBXProject section */

/* Begin PBXResourcesBuildPhase section */
		1A5A0BCB2570166A007C248F /* Resources */ = {
			isa = PBXResourcesBuildPhase;
			buildActionMask = 2147483647;
			files = (
				1A5A0BDD2570166A007C248F /* LaunchScreen.storyboard in Resources */,
				1A5A0BDA2570166A007C248F /* Assets.xcassets in Resources */,
				1A5A0BD82570166A007C248F /* Main.storyboard in Resources */,
			);
			runOnlyForDeploymentPostprocessing = 0;
		};
/* End PBXResourcesBuildPhase section */

/* Begin PBXSourcesBuildPhase section */
		1A5A0BC92570166A007C248F /* Sources */ = {
			isa = PBXSourcesBuildPhase;
			buildActionMask = 2147483647;
			files = (
				1A5A0BD52570166A007C248F /* ViewController.swift in Sources */,
				1A5A0BD12570166A007C248F /* AppDelegate.swift in Sources */,
				1A5A0BE625701700007C248F /* OneTimeCodeTextfield.swift in Sources */,
				1A5A0BD32570166A007C248F /* SceneDelegate.swift in Sources */,
			);
			runOnlyForDeploymentPostprocessing = 0;
		};
/* End PBXSourcesBuildPhase section */

/* Begin PBXVariantGroup section */
		1A5A0BD62570166A007C248F /* Main.storyboard */ = {
			isa = PBXVariantGroup;
			children = (
				1A5A0BD72570166A007C248F /* Base */,
			);
			name = Main.storyboard;
			sourceTree = "<group>";
		};
		1A5A0BDB2570166A007C248F /* LaunchScreen.storyboard */ = {
			isa = PBXVariantGroup;
			children = (
				1A5A0BDC2570166A007C248F /* Base */,
			);
			name = LaunchScreen.storyboard;
			sourceTree = "<group>";
		};
/* End PBXVariantGroup section */

/* Begin XCBuildConfiguration section */
		1A5A0BDF2570166A007C248F /* Debug */ = {
			isa = XCBuildConfiguration;
			buildSettings = {
				ALWAYS_SEARCH_USER_PATHS = NO;
				CLANG_ANALYZER_NONNULL = YES;
				CLANG_ANALYZER_NUMBER_OBJECT_CONVERSION = YES_AGGRESSIVE;
				CLANG_CXX_LANGUAGE_STANDARD = "gnu++14";
				CLANG_CXX_LIBRARY = "libc++";
				CLANG_ENABLE_MODULES = YES;
				CLANG_ENABLE_OBJC_ARC = YES;
				CLANG_ENABLE_OBJC_WEAK = YES;
				CLANG_WARN_BLOCK_CAPTURE_AUTORELEASING = YES;
				CLANG_WARN_BOOL_CONVERSION = YES;
				CLANG_WARN_COMMA = YES;
				CLANG_WARN_CONSTANT_CONVERSION = YES;
				CLANG_WARN_DEPRECATED_OBJC_IMPLEMENTATIONS = YES;
				CLANG_WARN_DIRECT_OBJC_ISA_USAGE = YES_ERROR;
				CLANG_WARN_DOCUMENTATION_COMMENTS = YES;
				CLANG_WARN_EMPTY_BODY = YES;
				CLANG_WARN_ENUM_CONVERSION = YES;
				CLANG_WARN_INFINITE_RECURSION = YES;
				CLANG_WARN_INT_CONVERSION = YES;
				CLANG_WARN_NON_LITERAL_NULL_CONVERSION = YES;
				CLANG_WARN_OBJC_IMPLICIT_RETAIN_SELF = YES;
				CLANG_WARN_OBJC_LITERAL_CONVERSION = YES;
				CLANG_WARN_OBJC_ROOT_CLASS = YES_ERROR;
				CLANG_WARN_QUOTED_INCLUDE_IN_FRAMEWORK_HEADER = YES;
				CLANG_WARN_RANGE_LOOP_ANALYSIS = YES;
				CLANG_WARN_STRICT_PROTOTYPES = YES;
				CLANG_WARN_SUSPICIOUS_MOVE = YES;
				CLANG_WARN_UNGUARDED_AVAILABILITY = YES_AGGRESSIVE;
				CLANG_WARN_UNREACHABLE_CODE = YES;
				CLANG_WARN__DUPLICATE_METHOD_MATCH = YES;
				COPY_PHASE_STRIP = NO;
				DEBUG_INFORMATION_FORMAT = dwarf;
				ENABLE_STRICT_OBJC_MSGSEND = YES;
				ENABLE_TESTABILITY = YES;
				GCC_C_LANGUAGE_STANDARD = gnu11;
				GCC_DYNAMIC_NO_PIC = NO;
				GCC_NO_COMMON_BLOCKS = YES;
				GCC_OPTIMIZATION_LEVEL = 0;
				GCC_PREPROCESSOR_DEFINITIONS = (
					"DEBUG=1",
					"$(inherited)",
				);
				GCC_WARN_64_TO_32_BIT_CONVERSION = YES;
				GCC_WARN_ABOUT_RETURN_TYPE = YES_ERROR;
				GCC_WARN_UNDECLARED_SELECTOR = YES;
				GCC_WARN_UNINITIALIZED_AUTOS = YES_AGGRESSIVE;
				GCC_WARN_UNUSED_FUNCTION = YES;
				GCC_WARN_UNUSED_VARIABLE = YES;
				IPHONEOS_DEPLOYMENT_TARGET = 14.2;
				MTL_ENABLE_DEBUG_INFO = INCLUDE_SOURCE;
				MTL_FAST_MATH = YES;
				ONLY_ACTIVE_ARCH = YES;
				SDKROOT = iphoneos;
				SWIFT_ACTIVE_COMPILATION_CONDITIONS = DEBUG;
				SWIFT_OPTIMIZATION_LEVEL = "-Onone";
			};
			name = Debug;
		};
		1A5A0BE02570166A007C248F /* Release */ = {
			isa = XCBuildConfiguration;
			buildSettings = {
				ALWAYS_SEARCH_USER_PATHS = NO;
				CLANG_ANALYZER_NONNULL = YES;
				CLANG_ANALYZER_NUMBER_OBJECT_CONVERSION = YES_AGGRESSIVE;
				CLANG_CXX_LANGUAGE_STANDARD = "gnu++14";
				CLANG_CXX_LIBRARY = "libc++";
				CLANG_ENABLE_MODULES = YES;
				CLANG_ENABLE_OBJC_ARC = YES;
				CLANG_ENABLE_OBJC_WEAK = YES;
				CLANG_WARN_BLOCK_CAPTURE_AUTORELEASING = YES;
				CLANG_WARN_BOOL_CONVERSION = YES;
				CLANG_WARN_COMMA = YES;
				CLANG_WARN_CONSTANT_CONVERSION = YES;
				CLANG_WARN_DEPRECATED_OBJC_IMPLEMENTATIONS = YES;
				CLANG_WARN_DIRECT_OBJC_ISA_USAGE = YES_ERROR;
				CLANG_WARN_DOCUMENTATION_COMMENTS = YES;
				CLANG_WARN_EMPTY_BODY = YES;
				CLANG_WARN_ENUM_CONVERSION = YES;
				CLANG_WARN_INFINITE_RECURSION = YES;
				CLANG_WARN_INT_CONVERSION = YES;
				CLANG_WARN_NON_LITERAL_NULL_CONVERSION = YES;
				CLANG_WARN_OBJC_IMPLICIT_RETAIN_SELF = YES;
				CLANG_WARN_OBJC_LITERAL_CONVERSION = YES;
				CLANG_WARN_OBJC_ROOT_CLASS = YES_ERROR;
				CLANG_WARN_QUOTED_INCLUDE_IN_FRAMEWORK_HEADER = YES;
				CLANG_WARN_RANGE_LOOP_ANALYSIS = YES;
				CLANG_WARN_STRICT_PROTOTYPES = YES;
				CLANG_WARN_SUSPICIOUS_MOVE = YES;
				CLANG_WARN_UNGUARDED_AVAILABILITY = YES_AGGRESSIVE;
				CLANG_WARN_UNREACHABLE_CODE = YES;
				CLANG_WARN__DUPLICATE_METHOD_MATCH = YES;
				COPY_PHASE_STRIP = NO;
				DEBUG_INFORMATION_FORMAT = "dwarf-with-dsym";
				ENABLE_NS_ASSERTIONS = NO;
				ENABLE_STRICT_OBJC_MSGSEND = YES;
				GCC_C_LANGUAGE_STANDARD = gnu11;
				GCC_NO_COMMON_BLOCKS = YES;
				GCC_WARN_64_TO_32_BIT_CONVERSION = YES;
				GCC_WARN_ABOUT_RETURN_TYPE = YES_ERROR;
				GCC_WARN_UNDECLARED_SELECTOR = YES;
				GCC_WARN_UNINITIALIZED_AUTOS = YES_AGGRESSIVE;
				GCC_WARN_UNUSED_FUNCTION = YES;
				GCC_WARN_UNUSED_VARIABLE = YES;
				IPHONEOS_DEPLOYMENT_TARGET = 14.2;
				MTL_ENABLE_DEBUG_INFO = NO;
				MTL_FAST_MATH = YES;
				SDKROOT = iphoneos;
				SWIFT_COMPILATION_MODE = wholemodule;
				SWIFT_OPTIMIZATION_LEVEL = "-O";
				VALIDATE_PRODUCT = YES;
			};
			name = Release;
		};
		1A5A0BE22570166A007C248F /* Debug */ = {
			isa = XCBuildConfiguration;
			buildSettings = {
				ASSETCATALOG_COMPILER_APPICON_NAME = AppIcon;
				ASSETCATALOG_COMPILER_GLOBAL_ACCENT_COLOR_NAME = AccentColor;
				CODE_SIGN_STYLE = Automatic;
				DEVELOPMENT_TEAM = 7G4A2JWWKQ;
				INFOPLIST_FILE = OneTimePinCode/Info.plist;
				LD_RUNPATH_SEARCH_PATHS = (
					"$(inherited)",
					"@executable_path/Frameworks",
				);
				PRODUCT_BUNDLE_IDENTIFIER = com.aaroncleveland.OneTimePinCode;
				PRODUCT_NAME = "$(TARGET_NAME)";
				SWIFT_VERSION = 5.0;
				TARGETED_DEVICE_FAMILY = "1,2";
			};
			name = Debug;
		};
		1A5A0BE32570166A007C248F /* Release */ = {
			isa = XCBuildConfiguration;
			buildSettings = {
				ASSETCATALOG_COMPILER_APPICON_NAME = AppIcon;
				ASSETCATALOG_COMPILER_GLOBAL_ACCENT_COLOR_NAME = AccentColor;
				CODE_SIGN_STYLE = Automatic;
				DEVELOPMENT_TEAM = 7G4A2JWWKQ;
				INFOPLIST_FILE = OneTimePinCode/Info.plist;
				LD_RUNPATH_SEARCH_PATHS = (
					"$(inherited)",
					"@executable_path/Frameworks",
				);
				PRODUCT_BUNDLE_IDENTIFIER = com.aaroncleveland.OneTimePinCode;
				PRODUCT_NAME = "$(TARGET_NAME)";
				SWIFT_VERSION = 5.0;
				TARGETED_DEVICE_FAMILY = "1,2";
			};
			name = Release;
		};
/* End XCBuildConfiguration section */

/* Begin XCConfigurationList section */
		1A5A0BC82570166A007C248F /* Build configuration list for PBXProject "OneTimePinCode" */ = {
			isa = XCConfigurationList;
			buildConfigurations = (
				1A5A0BDF2570166A007C248F /* Debug */,
				1A5A0BE02570166A007C248F /* Release */,
			);
			defaultConfigurationIsVisible = 0;
			defaultConfigurationName = Release;
		};
		1A5A0BE12570166A007C248F /* Build configuration list for PBXNativeTarget "OneTimePinCode" */ = {
			isa = XCConfigurationList;
			buildConfigurations = (
				1A5A0BE22570166A007C248F /* Debug */,
				1A5A0BE32570166A007C248F /* Release */,
			);
			defaultConfigurationIsVisible = 0;
			defaultConfigurationName = Release;
		};
/* End XCConfigurationList section */
	};
	rootObject = 1A5A0BC52570166A007C248F /* Project object */;
}
